
Microsoft Visual Studio Solution File, Format Version 12.00
# Visual Studio 15
VisualStudioVersion = 15.0.27428.2015
MinimumVisualStudioVersion = 10.0.40219.1
Project("{FAE04EC0-301F-11D3-BF4B-00C04F79EFBC}") = "CreateDeviceIdentity", "CreateDeviceIdentity\CreateDeviceIdentity.csproj", "{DCE32666-1072-4DEA-917C-6EC519F4EE38}"
EndProject
Project("{FAE04EC0-301F-11D3-BF4B-00C04F79EFBC}") = "SimulatedDevice", "SimulatedDevice\SimulatedDevice.csproj", "{9BA5DFC4-CAAC-4DB3-934B-EC9AFD21D737}"
EndProject
Global
	GlobalSection(SolutionConfigurationPlatforms) = preSolution
		Debug|Any CPU = Debug|Any CPU
		Release|Any CPU = Release|Any CPU
	EndGlobalSection
	GlobalSection(ProjectConfigurationPlatforms) = postSolution
		{DCE32666-1072-4DEA-917C-6EC519F4EE38}.Debug|Any CPU.ActiveCfg = Debug|Any CPU
		{DCE32666-1072-4DEA-917C-6EC519F4EE38}.Debug|Any CPU.Build.0 = Debug|Any CPU
		{DCE32666-1072-4DEA-917C-6EC519F4EE38}.Release|Any CPU.ActiveCfg = Release|Any CPU
		{DCE32666-1072-4DEA-917C-6EC519F4EE38}.Release|Any CPU.Build.0 = Release|Any CPU
		{9BA5DFC4-CAAC-4DB3-934B-EC9AFD21D737}.Debug|Any CPU.ActiveCfg = Debug|Any CPU
		{9BA5DFC4-CAAC-4DB3-934B-EC9AFD21D737}.Debug|Any CPU.Build.0 = Debug|Any CPU
		{9BA5DFC4-CAAC-4DB3-934B-EC9AFD21D737}.Release|Any CPU.ActiveCfg = Release|Any CPU
		{9BA5DFC4-CAAC-4DB3-934B-EC9AFD21D737}.Release|Any CPU.Build.0 = Release|Any CPU
	EndGlobalSection
	GlobalSection(SolutionProperties) = preSolution
		HideSolutionNode = FALSE
	EndGlobalSection
	GlobalSection(ExtensibilityGlobals) = postSolution
		SolutionGuid = {A521E8F9-E018-46B2-A69D-D4D47FE3D91E}
	EndGlobalSection
EndGlobal
